// !$*UTF8*$!
{
	archiveVersion = 1;
	classes = {
	};
	objectVersion = 56;
	objects = {

/* Begin PBXBuildFile section */
		E47E18492DC3A0F800B63AE1 /* AppDelegate.swift in Sources */ = {isa = PBXBuildFile; fileRef = E47E18482DC3A0F800B63AE1 /* AppDelegate.swift */; };
		E47E184B2DC3A0F800B63AE1 /* SceneDelegate.swift in Sources */ = {isa = PBXBuildFile; fileRef = E47E184A2DC3A0F800B63AE1 /* SceneDelegate.swift */; };
		E47E184D2DC3A0F800B63AE1 /* ViewController.swift in Sources */ = {isa = PBXBuildFile; fileRef = E47E184C2DC3A0F800B63AE1 /* ViewController.swift */; };
		E47E18502DC3A0F800B63AE1 /* Base in Resources */ = {isa = PBXBuildFile; fileRef = E47E184F2DC3A0F800B63AE1 /* Base */; };
		E47E18522DC3A0FA00B63AE1 /* Assets.xcassets in Resources */ = {isa = PBXBuildFile; fileRef = E47E18512DC3A0FA00B63AE1 /* Assets.xcassets */; };
		E47E18552DC3A0FA00B63AE1 /* Base in Resources */ = {isa = PBXBuildFile; fileRef = E47E18542DC3A0FA00B63AE1 /* Base */; };
		E47E18602DC3A0FA00B63AE1 /* LinearLayoutDemoTests.swift in Sources */ = {isa = PBXBuildFile; fileRef = E47E185F2DC3A0FA00B63AE1 /* LinearLayoutDemoTests.swift */; };
		E47E186A2DC3A0FA00B63AE1 /* LinearLayoutDemoUITests.swift in Sources */ = {isa = PBXBuildFile; fileRef = E47E18692DC3A0FA00B63AE1 /* LinearLayoutDemoUITests.swift */; };
		E47E186C2DC3A0FA00B63AE1 /* LinearLayoutDemoUITestsLaunchTests.swift in Sources */ = {isa = PBXBuildFile; fileRef = E47E186B2DC3A0FA00B63AE1 /* LinearLayoutDemoUITestsLaunchTests.swift */; };
		E47E18792DC3A11200B63AE1 /* LinearLayoutView.swift in Sources */ = {isa = PBXBuildFile; fileRef = E47E18782DC3A11200B63AE1 /* LinearLayoutView.swift */; };
/* End PBXBuildFile section */

/* Begin PBXContainerItemProxy section */
		E47E185C2DC3A0FA00B63AE1 /* PBXContainerItemProxy */ = {
			isa = PBXContainerItemProxy;
			containerPortal = E47E183D2DC3A0F800B63AE1 /* Project object */;
			proxyType = 1;
			remoteGlobalIDString = E47E18442DC3A0F800B63AE1;
			remoteInfo = LinearLayoutDemo;
		};
		E47E18662DC3A0FA00B63AE1 /* PBXContainerItemProxy */ = {
			isa = PBXContainerItemProxy;
			containerPortal = E47E183D2DC3A0F800B63AE1 /* Project object */;
			proxyType = 1;
			remoteGlobalIDString = E47E18442DC3A0F800B63AE1;
			remoteInfo = LinearLayoutDemo;
		};
/* End PBXContainerItemProxy section */

/* Begin PBXFileReference section */
		E47E18452DC3A0F800B63AE1 /* LinearLayoutDemo.app */ = {isa = PBXFileReference; explicitFileType = wrapper.application; includeInIndex = 0; path = LinearLayoutDemo.app; sourceTree = BUILT_PRODUCTS_DIR; };
		E47E18482DC3A0F800B63AE1 /* AppDelegate.swift */ = {isa = PBXFileReference; lastKnownFileType = sourcecode.swift; path = AppDelegate.swift; sourceTree = "<group>"; };
		E47E184A2DC3A0F800B63AE1 /* SceneDelegate.swift */ = {isa = PBXFileReference; lastKnownFileType = sourcecode.swift; path = SceneDelegate.swift; sourceTree = "<group>"; };
		E47E184C2DC3A0F800B63AE1 /* ViewController.swift */ = {isa = PBXFileReference; lastKnownFileType = sourcecode.swift; path = ViewController.swift; sourceTree = "<group>"; };
		E47E184F2DC3A0F800B63AE1 /* Base */ = {isa = PBXFileReference; lastKnownFileType = file.storyboard; name = Base; path = Base.lproj/Main.storyboard; sourceTree = "<group>"; };
		E47E18512DC3A0FA00B63AE1 /* Assets.xcassets */ = {isa = PBXFileReference; lastKnownFileType = folder.assetcatalog; path = Assets.xcassets; sourceTree = "<group>"; };
		E47E18542DC3A0FA00B63AE1 /* Base */ = {isa = PBXFileReference; lastKnownFileType = file.storyboard; name = Base; path = Base.lproj/LaunchScreen.storyboard; sourceTree = "<group>"; };
		E47E18562DC3A0FA00B63AE1 /* Info.plist */ = {isa = PBXFileReference; lastKnownFileType = text.plist.xml; path = Info.plist; sourceTree = "<group>"; };
		E47E185B2DC3A0FA00B63AE1 /* LinearLayoutDemoTests.xctest */ = {isa = PBXFileReference; explicitFileType = wrapper.cfbundle; includeInIndex = 0; path = LinearLayoutDemoTests.xctest; sourceTree = BUILT_PRODUCTS_DIR; };
		E47E185F2DC3A0FA00B63AE1 /* LinearLayoutDemoTests.swift */ = {isa = PBXFileReference; lastKnownFileType = sourcecode.swift; path = LinearLayoutDemoTests.swift; sourceTree = "<group>"; };
		E47E18652DC3A0FA00B63AE1 /* LinearLayoutDemoUITests.xctest */ = {isa = PBXFileReference; explicitFileType = wrapper.cfbundle; includeInIndex = 0; path = LinearLayoutDemoUITests.xctest; sourceTree = BUILT_PRODUCTS_DIR; };
		E47E18692DC3A0FA00B63AE1 /* LinearLayoutDemoUITests.swift */ = {isa = PBXFileReference; lastKnownFileType = sourcecode.swift; path = LinearLayoutDemoUITests.swift; sourceTree = "<group>"; };
		E47E186B2DC3A0FA00B63AE1 /* LinearLayoutDemoUITestsLaunchTests.swift */ = {isa = PBXFileReference; lastKnownFileType = sourcecode.swift; path = LinearLayoutDemoUITestsLaunchTests.swift; sourceTree = "<group>"; };
		E47E18782DC3A11200B63AE1 /* LinearLayoutView.swift */ = {isa = PBXFileReference; lastKnownFileType = sourcecode.swift; path = LinearLayoutView.swift; sourceTree = "<group>"; };
/* End PBXFileReference section */

/* Begin PBXFrameworksBuildPhase section */
		E47E18422DC3A0F800B63AE1 /* Frameworks */ = {
			isa = PBXFrameworksBuildPhase;
			buildActionMask = 2147483647;
			files = (
			);
			runOnlyForDeploymentPostprocessing = 0;
		};
		E47E18582DC3A0FA00B63AE1 /* Frameworks */ = {
			isa = PBXFrameworksBuildPhase;
			buildActionMask = 2147483647;
			files = (
			);
			runOnlyForDeploymentPostprocessing = 0;
		};
		E47E18622DC3A0FA00B63AE1 /* Frameworks */ = {
			isa = PBXFrameworksBuildPhase;
			buildActionMask = 2147483647;
			files = (
			);
			runOnlyForDeploymentPostprocessing = 0;
		};
/* End PBXFrameworksBuildPhase section */

/* Begin PBXGroup section */
		E47E183C2DC3A0F800B63AE1 = {
			isa = PBXGroup;
			children = (
				E47E18472DC3A0F800B63AE1 /* LinearLayoutDemo */,
				E47E185E2DC3A0FA00B63AE1 /* LinearLayoutDemoTests */,
				E47E18682DC3A0FA00B63AE1 /* LinearLayoutDemoUITests */,
				E47E18462DC3A0F800B63AE1 /* Products */,
			);
			sourceTree = "<group>";
		};
		E47E18462DC3A0F800B63AE1 /* Products */ = {
			isa = PBXGroup;
			children = (
				E47E18452DC3A0F800B63AE1 /* LinearLayoutDemo.app */,
				E47E185B2DC3A0FA00B63AE1 /* LinearLayoutDemoTests.xctest */,
				E47E18652DC3A0FA00B63AE1 /* LinearLayoutDemoUITests.xctest */,
			);
			name = Products;
			sourceTree = "<group>";
		};
		E47E18472DC3A0F800B63AE1 /* LinearLayoutDemo */ = {
			isa = PBXGroup;
			children = (
				E47E18482DC3A0F800B63AE1 /* AppDelegate.swift */,
				E47E184A2DC3A0F800B63AE1 /* SceneDelegate.swift */,
				E47E184C2DC3A0F800B63AE1 /* ViewController.swift */,
				E47E18782DC3A11200B63AE1 /* LinearLayoutView.swift */,
				E47E184E2DC3A0F800B63AE1 /* Main.storyboard */,
				E47E18512DC3A0FA00B63AE1 /* Assets.xcassets */,
				E47E18532DC3A0FA00B63AE1 /* LaunchScreen.storyboard */,
				E47E18562DC3A0FA00B63AE1 /* Info.plist */,
			);
			path = LinearLayoutDemo;
			sourceTree = "<group>";
		};
		E47E185E2DC3A0FA00B63AE1 /* LinearLayoutDemoTests */ = {
			isa = PBXGroup;
			children = (
				E47E185F2DC3A0FA00B63AE1 /* LinearLayoutDemoTests.swift */,
			);
			path = LinearLayoutDemoTests;
			sourceTree = "<group>";
		};
		E47E18682DC3A0FA00B63AE1 /* LinearLayoutDemoUITests */ = {
			isa = PBXGroup;
			children = (
				E47E18692DC3A0FA00B63AE1 /* LinearLayoutDemoUITests.swift */,
				E47E186B2DC3A0FA00B63AE1 /* LinearLayoutDemoUITestsLaunchTests.swift */,
			);
			path = LinearLayoutDemoUITests;
			sourceTree = "<group>";
		};
/* End PBXGroup section */

/* Begin PBXNativeTarget section */
		E47E18442DC3A0F800B63AE1 /* LinearLayoutDemo */ = {
			isa = PBXNativeTarget;
			buildConfigurationList = E47E186F2DC3A0FA00B63AE1 /* Build configuration list for PBXNativeTarget "LinearLayoutDemo" */;
			buildPhases = (
				E47E18412DC3A0F800B63AE1 /* Sources */,
				E47E18422DC3A0F800B63AE1 /* Frameworks */,
				E47E18432DC3A0F800B63AE1 /* Resources */,
			);
			buildRules = (
			);
			dependencies = (
			);
			name = LinearLayoutDemo;
			productName = LinearLayoutDemo;
			productReference = E47E18452DC3A0F800B63AE1 /* LinearLayoutDemo.app */;
			productType = "com.apple.product-type.application";
		};
		E47E185A2DC3A0FA00B63AE1 /* LinearLayoutDemoTests */ = {
			isa = PBXNativeTarget;
			buildConfigurationList = E47E18722DC3A0FA00B63AE1 /* Build configuration list for PBXNativeTarget "LinearLayoutDemoTests" */;
			buildPhases = (
				E47E18572DC3A0FA00B63AE1 /* Sources */,
				E47E18582DC3A0FA00B63AE1 /* Frameworks */,
				E47E18592DC3A0FA00B63AE1 /* Resources */,
			);
			buildRules = (
			);
			dependencies = (
				E47E185D2DC3A0FA00B63AE1 /* PBXTargetDependency */,
			);
			name = LinearLayoutDemoTests;
			productName = LinearLayoutDemoTests;
			productReference = E47E185B2DC3A0FA00B63AE1 /* LinearLayoutDemoTests.xctest */;
			productType = "com.apple.product-type.bundle.unit-test";
		};
		E47E18642DC3A0FA00B63AE1 /* LinearLayoutDemoUITests */ = {
			isa = PBXNativeTarget;
			buildConfigurationList = E47E18752DC3A0FA00B63AE1 /* Build configuration list for PBXNativeTarget "LinearLayoutDemoUITests" */;
			buildPhases = (
				E47E18612DC3A0FA00B63AE1 /* Sources */,
				E47E18622DC3A0FA00B63AE1 /* Frameworks */,
				E47E18632DC3A0FA00B63AE1 /* Resources */,
			);
			buildRules = (
			);
			dependencies = (
				E47E18672DC3A0FA00B63AE1 /* PBXTargetDependency */,
			);
			name = LinearLayoutDemoUITests;
			productName = LinearLayoutDemoUITests;
			productReference = E47E18652DC3A0FA00B63AE1 /* LinearLayoutDemoUITests.xctest */;
			productType = "com.apple.product-type.bundle.ui-testing";
		};
/* End PBXNativeTarget section */

/* Begin PBXProject section */
		E47E183D2DC3A0F800B63AE1 /* Project object */ = {
			isa = PBXProject;
			attributes = {
				BuildIndependentTargetsInParallel = 1;
				LastSwiftUpdateCheck = 1540;
				LastUpgradeCheck = 1540;
				TargetAttributes = {
					E47E18442DC3A0F800B63AE1 = {
						CreatedOnToolsVersion = 15.4;
					};
					E47E185A2DC3A0FA00B63AE1 = {
						CreatedOnToolsVersion = 15.4;
						TestTargetID = E47E18442DC3A0F800B63AE1;
					};
					E47E18642DC3A0FA00B63AE1 = {
						CreatedOnToolsVersion = 15.4;
						TestTargetID = E47E18442DC3A0F800B63AE1;
					};
				};
			};
			buildConfigurationList = E47E18402DC3A0F800B63AE1 /* Build configuration list for PBXProject "LinearLayoutDemo" */;
			compatibilityVersion = "Xcode 14.0";
			developmentRegion = en;
			hasScannedForEncodings = 0;
			knownRegions = (
				en,
				Base,
			);
			mainGroup = E47E183C2DC3A0F800B63AE1;
			productRefGroup = E47E18462DC3A0F800B63AE1 /* Products */;
			projectDirPath = "";
			projectRoot = "";
			targets = (
				E47E18442DC3A0F800B63AE1 /* LinearLayoutDemo */,
				E47E185A2DC3A0FA00B63AE1 /* LinearLayoutDemoTests */,
				E47E18642DC3A0FA00B63AE1 /* LinearLayoutDemoUITests */,
			);
		};
/* End PBXProject section */

/* Begin PBXResourcesBuildPhase section */
		E47E18432DC3A0F800B63AE1 /* Resources */ = {
			isa = PBXResourcesBuildPhase;
			buildActionMask = 2147483647;
			files = (
				E47E18522DC3A0FA00B63AE1 /* Assets.xcassets in Resources */,
				E47E18552DC3A0FA00B63AE1 /* Base in Resources */,
				E47E18502DC3A0F800B63AE1 /* Base in Resources */,
			);
			runOnlyForDeploymentPostprocessing = 0;
		};
		E47E18592DC3A0FA00B63AE1 /* Resources */ = {
			isa = PBXResourcesBuildPhase;
			buildActionMask = 2147483647;
			files = (
			);
			runOnlyForDeploymentPostprocessing = 0;
		};
		E47E18632DC3A0FA00B63AE1 /* Resources */ = {
			isa = PBXResourcesBuildPhase;
			buildActionMask = 2147483647;
			files = (
			);
			runOnlyForDeploymentPostprocessing = 0;
		};
/* End PBXResourcesBuildPhase section */

/* Begin PBXSourcesBuildPhase section */
		E47E18412DC3A0F800B63AE1 /* Sources */ = {
			isa = PBXSourcesBuildPhase;
			buildActionMask = 2147483647;
			files = (
				E47E184D2DC3A0F800B63AE1 /* ViewController.swift in Sources */,
				E47E18792DC3A11200B63AE1 /* LinearLayoutView.swift in Sources */,
				E47E18492DC3A0F800B63AE1 /* AppDelegate.swift in Sources */,
				E47E184B2DC3A0F800B63AE1 /* SceneDelegate.swift in Sources */,
			);
			runOnlyForDeploymentPostprocessing = 0;
		};
		E47E18572DC3A0FA00B63AE1 /* Sources */ = {
			isa = PBXSourcesBuildPhase;
			buildActionMask = 2147483647;
			files = (
				E47E18602DC3A0FA00B63AE1 /* LinearLayoutDemoTests.swift in Sources */,
			);
			runOnlyForDeploymentPostprocessing = 0;
		};
		E47E18612DC3A0FA00B63AE1 /* Sources */ = {
			isa = PBXSourcesBuildPhase;
			buildActionMask = 2147483647;
			files = (
				E47E186C2DC3A0FA00B63AE1 /* LinearLayoutDemoUITestsLaunchTests.swift in Sources */,
				E47E186A2DC3A0FA00B63AE1 /* LinearLayoutDemoUITests.swift in Sources */,
			);
			runOnlyForDeploymentPostprocessing = 0;
		};
/* End PBXSourcesBuildPhase section */

/* Begin PBXTargetDependency section */
		E47E185D2DC3A0FA00B63AE1 /* PBXTargetDependency */ = {
			isa = PBXTargetDependency;
			target = E47E18442DC3A0F800B63AE1 /* LinearLayoutDemo */;
			targetProxy = E47E185C2DC3A0FA00B63AE1 /* PBXContainerItemProxy */;
		};
		E47E18672DC3A0FA00B63AE1 /* PBXTargetDependency */ = {
			isa = PBXTargetDependency;
			target = E47E18442DC3A0F800B63AE1 /* LinearLayoutDemo */;
			targetProxy = E47E18662DC3A0FA00B63AE1 /* PBXContainerItemProxy */;
		};
/* End PBXTargetDependency section */

/* Begin PBXVariantGroup section */
		E47E184E2DC3A0F800B63AE1 /* Main.storyboard */ = {
			isa = PBXVariantGroup;
			children = (
				E47E184F2DC3A0F800B63AE1 /* Base */,
			);
			name = Main.storyboard;
			sourceTree = "<group>";
		};
		E47E18532DC3A0FA00B63AE1 /* LaunchScreen.storyboard */ = {
			isa = PBXVariantGroup;
			children = (
				E47E18542DC3A0FA00B63AE1 /* Base */,
			);
			name = LaunchScreen.storyboard;
			sourceTree = "<group>";
		};
/* End PBXVariantGroup section */

/* Begin XCBuildConfiguration section */
		E47E186D2DC3A0FA00B63AE1 /* Debug */ = {
			isa = XCBuildConfiguration;
			buildSettings = {
				ALWAYS_SEARCH_USER_PATHS = NO;
				ASSETCATALOG_COMPILER_GENERATE_SWIFT_ASSET_SYMBOL_EXTENSIONS = YES;
				CLANG_ANALYZER_NONNULL = YES;
				CLANG_ANALYZER_NUMBER_OBJECT_CONVERSION = YES_AGGRESSIVE;
				CLANG_CXX_LANGUAGE_STANDARD = "gnu++20";
				CLANG_ENABLE_MODULES = YES;
				CLANG_ENABLE_OBJC_ARC = YES;
				CLANG_ENABLE_OBJC_WEAK = YES;
				CLANG_WARN_BLOCK_CAPTURE_AUTORELEASING = YES;
				CLANG_WARN_BOOL_CONVERSION = YES;
				CLANG_WARN_COMMA = YES;
				CLANG_WARN_CONSTANT_CONVERSION = YES;
				CLANG_WARN_DEPRECATED_OBJC_IMPLEMENTATIONS = YES;
				CLANG_WARN_DIRECT_OBJC_ISA_USAGE = YES_ERROR;
				CLANG_WARN_DOCUMENTATION_COMMENTS = YES;
				CLANG_WARN_EMPTY_BODY = YES;
				CLANG_WARN_ENUM_CONVERSION = YES;
				CLANG_WARN_INFINITE_RECURSION = YES;
				CLANG_WARN_INT_CONVERSION = YES;
				CLANG_WARN_NON_LITERAL_NULL_CONVERSION = YES;
				CLANG_WARN_OBJC_IMPLICIT_RETAIN_SELF = YES;
				CLANG_WARN_OBJC_LITERAL_CONVERSION = YES;
				CLANG_WARN_OBJC_ROOT_CLASS = YES_ERROR;
				CLANG_WARN_QUOTED_INCLUDE_IN_FRAMEWORK_HEADER = YES;
				CLANG_WARN_RANGE_LOOP_ANALYSIS = YES;
				CLANG_WARN_STRICT_PROTOTYPES = YES;
				CLANG_WARN_SUSPICIOUS_MOVE = YES;
				CLANG_WARN_UNGUARDED_AVAILABILITY = YES_AGGRESSIVE;
				CLANG_WARN_UNREACHABLE_CODE = YES;
				CLANG_WARN__DUPLICATE_METHOD_MATCH = YES;
				COPY_PHASE_STRIP = NO;
				DEBUG_INFORMATION_FORMAT = dwarf;
				ENABLE_STRICT_OBJC_MSGSEND = YES;
				ENABLE_TESTABILITY = YES;
				ENABLE_USER_SCRIPT_SANDBOXING = YES;
				GCC_C_LANGUAGE_STANDARD = gnu17;
				GCC_DYNAMIC_NO_PIC = NO;
				GCC_NO_COMMON_BLOCKS = YES;
				GCC_OPTIMIZATION_LEVEL = 0;
				GCC_PREPROCESSOR_DEFINITIONS = (
					"DEBUG=1",
					"$(inherited)",
				);
				GCC_WARN_64_TO_32_BIT_CONVERSION = YES;
				GCC_WARN_ABOUT_RETURN_TYPE = YES_ERROR;
				GCC_WARN_UNDECLARED_SELECTOR = YES;
				GCC_WARN_UNINITIALIZED_AUTOS = YES_AGGRESSIVE;
				GCC_WARN_UNUSED_FUNCTION = YES;
				GCC_WARN_UNUSED_VARIABLE = YES;
				IPHONEOS_DEPLOYMENT_TARGET = 17.5;
				LOCALIZATION_PREFERS_STRING_CATALOGS = YES;
				MTL_ENABLE_DEBUG_INFO = INCLUDE_SOURCE;
				MTL_FAST_MATH = YES;
				ONLY_ACTIVE_ARCH = YES;
				SDKROOT = iphoneos;
				SWIFT_ACTIVE_COMPILATION_CONDITIONS = "DEBUG $(inherited)";
				SWIFT_OPTIMIZATION_LEVEL = "-Onone";
			};
			name = Debug;
		};
		E47E186E2DC3A0FA00B63AE1 /* Release */ = {
			isa = XCBuildConfiguration;
			buildSettings = {
				ALWAYS_SEARCH_USER_PATHS = NO;
				ASSETCATALOG_COMPILER_GENERATE_SWIFT_ASSET_SYMBOL_EXTENSIONS = YES;
				CLANG_ANALYZER_NONNULL = YES;
				CLANG_ANALYZER_NUMBER_OBJECT_CONVERSION = YES_AGGRESSIVE;
				CLANG_CXX_LANGUAGE_STANDARD = "gnu++20";
				CLANG_ENABLE_MODULES = YES;
				CLANG_ENABLE_OBJC_ARC = YES;
				CLANG_ENABLE_OBJC_WEAK = YES;
				CLANG_WARN_BLOCK_CAPTURE_AUTORELEASING = YES;
				CLANG_WARN_BOOL_CONVERSION = YES;
				CLANG_WARN_COMMA = YES;
				CLANG_WARN_CONSTANT_CONVERSION = YES;
				CLANG_WARN_DEPRECATED_OBJC_IMPLEMENTATIONS = YES;
				CLANG_WARN_DIRECT_OBJC_ISA_USAGE = YES_ERROR;
				CLANG_WARN_DOCUMENTATION_COMMENTS = YES;
				CLANG_WARN_EMPTY_BODY = YES;
				CLANG_WARN_ENUM_CONVERSION = YES;
				CLANG_WARN_INFINITE_RECURSION = YES;
				CLANG_WARN_INT_CONVERSION = YES;
				CLANG_WARN_NON_LITERAL_NULL_CONVERSION = YES;
				CLANG_WARN_OBJC_IMPLICIT_RETAIN_SELF = YES;
				CLANG_WARN_OBJC_LITERAL_CONVERSION = YES;
				CLANG_WARN_OBJC_ROOT_CLASS = YES_ERROR;
				CLANG_WARN_QUOTED_INCLUDE_IN_FRAMEWORK_HEADER = YES;
				CLANG_WARN_RANGE_LOOP_ANALYSIS = YES;
				CLANG_WARN_STRICT_PROTOTYPES = YES;
				CLANG_WARN_SUSPICIOUS_MOVE = YES;
				CLANG_WARN_UNGUARDED_AVAILABILITY = YES_AGGRESSIVE;
				CLANG_WARN_UNREACHABLE_CODE = YES;
				CLANG_WARN__DUPLICATE_METHOD_MATCH = YES;
				COPY_PHASE_STRIP = NO;
				DEBUG_INFORMATION_FORMAT = "dwarf-with-dsym";
				ENABLE_NS_ASSERTIONS = NO;
				ENABLE_STRICT_OBJC_MSGSEND = YES;
				ENABLE_USER_SCRIPT_SANDBOXING = YES;
				GCC_C_LANGUAGE_STANDARD = gnu17;
				GCC_NO_COMMON_BLOCKS = YES;
				GCC_WARN_64_TO_32_BIT_CONVERSION = YES;
				GCC_WARN_ABOUT_RETURN_TYPE = YES_ERROR;
				GCC_WARN_UNDECLARED_SELECTOR = YES;
				GCC_WARN_UNINITIALIZED_AUTOS = YES_AGGRESSIVE;
				GCC_WARN_UNUSED_FUNCTION = YES;
				GCC_WARN_UNUSED_VARIABLE = YES;
				IPHONEOS_DEPLOYMENT_TARGET = 17.5;
				LOCALIZATION_PREFERS_STRING_CATALOGS = YES;
				MTL_ENABLE_DEBUG_INFO = NO;
				MTL_FAST_MATH = YES;
				SDKROOT = iphoneos;
				SWIFT_COMPILATION_MODE = wholemodule;
				VALIDATE_PRODUCT = YES;
			};
			name = Release;
		};
		E47E18702DC3A0FA00B63AE1 /* Debug */ = {
			isa = XCBuildConfiguration;
			buildSettings = {
				ASSETCATALOG_COMPILER_APPICON_NAME = AppIcon;
				ASSETCATALOG_COMPILER_GLOBAL_ACCENT_COLOR_NAME = AccentColor;
				CODE_SIGN_STYLE = Automatic;
				CURRENT_PROJECT_VERSION = 1;
				GENERATE_INFOPLIST_FILE = YES;
				INFOPLIST_FILE = LinearLayoutDemo/Info.plist;
				INFOPLIST_KEY_UIApplicationSupportsIndirectInputEvents = YES;
				INFOPLIST_KEY_UILaunchStoryboardName = LaunchScreen;
				INFOPLIST_KEY_UIMainStoryboardFile = Main;
				INFOPLIST_KEY_UISupportedInterfaceOrientations_iPad = "UIInterfaceOrientationPortrait UIInterfaceOrientationPortraitUpsideDown UIInterfaceOrientationLandscapeLeft UIInterfaceOrientationLandscapeRight";
				INFOPLIST_KEY_UISupportedInterfaceOrientations_iPhone = "UIInterfaceOrientationPortrait UIInterfaceOrientationLandscapeLeft UIInterfaceOrientationLandscapeRight";
				LD_RUNPATH_SEARCH_PATHS = (
					"$(inherited)",
					"@executable_path/Frameworks",
				);
				MARKETING_VERSION = 1.0;
				PRODUCT_BUNDLE_IDENTIFIER = com.song.LinearLayoutDemo;
				PRODUCT_NAME = "$(TARGET_NAME)";
				SWIFT_EMIT_LOC_STRINGS = YES;
				SWIFT_VERSION = 5.0;
				TARGETED_DEVICE_FAMILY = "1,2";
			};
			name = Debug;
		};
		E47E18712DC3A0FA00B63AE1 /* Release */ = {
			isa = XCBuildConfiguration;
			buildSettings = {
				ASSETCATALOG_COMPILER_APPICON_NAME = AppIcon;
				ASSETCATALOG_COMPILER_GLOBAL_ACCENT_COLOR_NAME = AccentColor;
				CODE_SIGN_STYLE = Automatic;
				CURRENT_PROJECT_VERSION = 1;
				GENERATE_INFOPLIST_FILE = YES;
				INFOPLIST_FILE = LinearLayoutDemo/Info.plist;
				INFOPLIST_KEY_UIApplicationSupportsIndirectInputEvents = YES;
				INFOPLIST_KEY_UILaunchStoryboardName = LaunchScreen;
				INFOPLIST_KEY_UIMainStoryboardFile = Main;
				INFOPLIST_KEY_UISupportedInterfaceOrientations_iPad = "UIInterfaceOrientationPortrait UIInterfaceOrientationPortraitUpsideDown UIInterfaceOrientationLandscapeLeft UIInterfaceOrientationLandscapeRight";
				INFOPLIST_KEY_UISupportedInterfaceOrientations_iPhone = "UIInterfaceOrientationPortrait UIInterfaceOrientationLandscapeLeft UIInterfaceOrientationLandscapeRight";
				LD_RUNPATH_SEARCH_PATHS = (
					"$(inherited)",
					"@executable_path/Frameworks",
				);
				MARKETING_VERSION = 1.0;
				PRODUCT_BUNDLE_IDENTIFIER = com.song.LinearLayoutDemo;
				PRODUCT_NAME = "$(TARGET_NAME)";
				SWIFT_EMIT_LOC_STRINGS = YES;
				SWIFT_VERSION = 5.0;
				TARGETED_DEVICE_FAMILY = "1,2";
			};
			name = Release;
		};
		E47E18732DC3A0FA00B63AE1 /* Debug */ = {
			isa = XCBuildConfiguration;
			buildSettings = {
				ALWAYS_EMBED_SWIFT_STANDARD_LIBRARIES = YES;
				BUNDLE_LOADER = "$(TEST_HOST)";
				CODE_SIGN_STYLE = Automatic;
				CURRENT_PROJECT_VERSION = 1;
				GENERATE_INFOPLIST_FILE = YES;
				IPHONEOS_DEPLOYMENT_TARGET = 17.5;
				MARKETING_VERSION = 1.0;
				PRODUCT_BUNDLE_IDENTIFIER = com.song.LinearLayoutDemoTests;
				PRODUCT_NAME = "$(TARGET_NAME)";
				SWIFT_EMIT_LOC_STRINGS = NO;
				SWIFT_VERSION = 5.0;
				TARGETED_DEVICE_FAMILY = "1,2";
				TEST_HOST = "$(BUILT_PRODUCTS_DIR)/LinearLayoutDemo.app/$(BUNDLE_EXECUTABLE_FOLDER_PATH)/LinearLayoutDemo";
			};
			name = Debug;
		};
		E47E18742DC3A0FA00B63AE1 /* Release */ = {
			isa = XCBuildConfiguration;
			buildSettings = {
				ALWAYS_EMBED_SWIFT_STANDARD_LIBRARIES = YES;
				BUNDLE_LOADER = "$(TEST_HOST)";
				CODE_SIGN_STYLE = Automatic;
				CURRENT_PROJECT_VERSION = 1;
				GENERATE_INFOPLIST_FILE = YES;
				IPHONEOS_DEPLOYMENT_TARGET = 17.5;
				MARKETING_VERSION = 1.0;
				PRODUCT_BUNDLE_IDENTIFIER = com.song.LinearLayoutDemoTests;
				PRODUCT_NAME = "$(TARGET_NAME)";
				SWIFT_EMIT_LOC_STRINGS = NO;
				SWIFT_VERSION = 5.0;
				TARGETED_DEVICE_FAMILY = "1,2";
				TEST_HOST = "$(BUILT_PRODUCTS_DIR)/LinearLayoutDemo.app/$(BUNDLE_EXECUTABLE_FOLDER_PATH)/LinearLayoutDemo";
			};
			name = Release;
		};
		E47E18762DC3A0FA00B63AE1 /* Debug */ = {
			isa = XCBuildConfiguration;
			buildSettings = {
				ALWAYS_EMBED_SWIFT_STANDARD_LIBRARIES = YES;
				CODE_SIGN_STYLE = Automatic;
				CURRENT_PROJECT_VERSION = 1;
				GENERATE_INFOPLIST_FILE = YES;
				MARKETING_VERSION = 1.0;
				PRODUCT_BUNDLE_IDENTIFIER = com.song.LinearLayoutDemoUITests;
				PRODUCT_NAME = "$(TARGET_NAME)";
				SWIFT_EMIT_LOC_STRINGS = NO;
				SWIFT_VERSION = 5.0;
				TARGETED_DEVICE_FAMILY = "1,2";
				TEST_TARGET_NAME = LinearLayoutDemo;
			};
			name = Debug;
		};
		E47E18772DC3A0FA00B63AE1 /* Release */ = {
			isa = XCBuildConfiguration;
			buildSettings = {
				ALWAYS_EMBED_SWIFT_STANDARD_LIBRARIES = YES;
				CODE_SIGN_STYLE = Automatic;
				CURRENT_PROJECT_VERSION = 1;
				GENERATE_INFOPLIST_FILE = YES;
				MARKETING_VERSION = 1.0;
				PRODUCT_BUNDLE_IDENTIFIER = com.song.LinearLayoutDemoUITests;
				PRODUCT_NAME = "$(TARGET_NAME)";
				SWIFT_EMIT_LOC_STRINGS = NO;
				SWIFT_VERSION = 5.0;
				TARGETED_DEVICE_FAMILY = "1,2";
				TEST_TARGET_NAME = LinearLayoutDemo;
			};
			name = Release;
		};
/* End XCBuildConfiguration section */

/* Begin XCConfigurationList section */
		E47E18402DC3A0F800B63AE1 /* Build configuration list for PBXProject "LinearLayoutDemo" */ = {
			isa = XCConfigurationList;
			buildConfigurations = (
				E47E186D2DC3A0FA00B63AE1 /* Debug */,
				E47E186E2DC3A0FA00B63AE1 /* Release */,
			);
			defaultConfigurationIsVisible = 0;
			defaultConfigurationName = Release;
		};
		E47E186F2DC3A0FA00B63AE1 /* Build configuration list for PBXNativeTarget "LinearLayoutDemo" */ = {
			isa = XCConfigurationList;
			buildConfigurations = (
				E47E18702DC3A0FA00B63AE1 /* Debug */,
				E47E18712DC3A0FA00B63AE1 /* Release */,
			);
			defaultConfigurationIsVisible = 0;
			defaultConfigurationName = Release;
		};
		E47E18722DC3A0FA00B63AE1 /* Build configuration list for PBXNativeTarget "LinearLayoutDemoTests" */ = {
			isa = XCConfigurationList;
			buildConfigurations = (
				E47E18732DC3A0FA00B63AE1 /* Debug */,
				E47E18742DC3A0FA00B63AE1 /* Release */,
			);
			defaultConfigurationIsVisible = 0;
			defaultConfigurationName = Release;
		};
		E47E18752DC3A0FA00B63AE1 /* Build configuration list for PBXNativeTarget "LinearLayoutDemoUITests" */ = {
			isa = XCConfigurationList;
			buildConfigurations = (
				E47E18762DC3A0FA00B63AE1 /* Debug */,
				E47E18772DC3A0FA00B63AE1 /* Release */,
			);
			defaultConfigurationIsVisible = 0;
			defaultConfigurationName = Release;
		};
/* End XCConfigurationList section */
	};
	rootObject = E47E183D2DC3A0F800B63AE1 /* Project object */;
}
